// !$*UTF8*$!
{
	archiveVersion = 1;
	classes = {
	};
	objectVersion = 56;
	objects = {

/* Begin PBXBuildFile section */
		B67E12D92B9EF5BF00DFADEA /* AppDelegate.swift in Sources */ = {isa = PBXBuildFile; fileRef = B67E12D82B9EF5BF00DFADEA /* AppDelegate.swift */; };
		B67E12DB2B9EF5BF00DFADEA /* SceneDelegate.swift in Sources */ = {isa = PBXBuildFile; fileRef = B67E12DA2B9EF5BF00DFADEA /* SceneDelegate.swift */; };
		B67E12DD2B9EF5BF00DFADEA /* CocktailViewController.swift in Sources */ = {isa = PBXBuildFile; fileRef = B67E12DC2B9EF5BF00DFADEA /* CocktailViewController.swift */; };
		B67E12E22B9EF5C500DFADEA /* Assets.xcassets in Resources */ = {isa = PBXBuildFile; fileRef = B67E12E12B9EF5C500DFADEA /* Assets.xcassets */; };
		B67E12E52B9EF5C500DFADEA /* LaunchScreen.storyboard in Resources */ = {isa = PBXBuildFile; fileRef = B67E12E32B9EF5C500DFADEA /* LaunchScreen.storyboard */; };
		B67E12ED2B9EF64600DFADEA /* ResultViewController.swift in Sources */ = {isa = PBXBuildFile; fileRef = B67E12EC2B9EF64600DFADEA /* ResultViewController.swift */; };
		B67E12F02B9EF73C00DFADEA /* SnapKit in Frameworks */ = {isa = PBXBuildFile; productRef = B67E12EF2B9EF73C00DFADEA /* SnapKit */; };
		B67E12F42B9F116900DFADEA /* NetworkManager.swift in Sources */ = {isa = PBXBuildFile; fileRef = B67E12F32B9F116900DFADEA /* NetworkManager.swift */; };
		B67E12F72B9F11C800DFADEA /* GFerror.swift in Sources */ = {isa = PBXBuildFile; fileRef = B67E12F62B9F11C800DFADEA /* GFerror.swift */; };
		B67E12F92B9F11DC00DFADEA /* UIViewController+Ext.swift in Sources */ = {isa = PBXBuildFile; fileRef = B67E12F82B9F11DC00DFADEA /* UIViewController+Ext.swift */; };
		B67E12FB2B9F124100DFADEA /* Cocktail.swift in Sources */ = {isa = PBXBuildFile; fileRef = B67E12FA2B9F124100DFADEA /* Cocktail.swift */; };
/* End PBXBuildFile section */

/* Begin PBXFileReference section */
		B67E12D52B9EF5BF00DFADEA /* CocktailApp.app */ = {isa = PBXFileReference; explicitFileType = wrapper.application; includeInIndex = 0; path = CocktailApp.app; sourceTree = BUILT_PRODUCTS_DIR; };
		B67E12D82B9EF5BF00DFADEA /* AppDelegate.swift */ = {isa = PBXFileReference; lastKnownFileType = sourcecode.swift; path = AppDelegate.swift; sourceTree = "<group>"; };
		B67E12DA2B9EF5BF00DFADEA /* SceneDelegate.swift */ = {isa = PBXFileReference; lastKnownFileType = sourcecode.swift; path = SceneDelegate.swift; sourceTree = "<group>"; };
		B67E12DC2B9EF5BF00DFADEA /* CocktailViewController.swift */ = {isa = PBXFileReference; lastKnownFileType = sourcecode.swift; path = CocktailViewController.swift; sourceTree = "<group>"; };
		B67E12E12B9EF5C500DFADEA /* Assets.xcassets */ = {isa = PBXFileReference; lastKnownFileType = folder.assetcatalog; path = Assets.xcassets; sourceTree = "<group>"; };
		B67E12E42B9EF5C500DFADEA /* Base */ = {isa = PBXFileReference; lastKnownFileType = file.storyboard; name = Base; path = Base.lproj/LaunchScreen.storyboard; sourceTree = "<group>"; };
		B67E12E62B9EF5C500DFADEA /* Info.plist */ = {isa = PBXFileReference; lastKnownFileType = text.plist.xml; path = Info.plist; sourceTree = "<group>"; };
		B67E12EC2B9EF64600DFADEA /* ResultViewController.swift */ = {isa = PBXFileReference; lastKnownFileType = sourcecode.swift; path = ResultViewController.swift; sourceTree = "<group>"; };
		B67E12F32B9F116900DFADEA /* NetworkManager.swift */ = {isa = PBXFileReference; lastKnownFileType = sourcecode.swift; path = NetworkManager.swift; sourceTree = "<group>"; };
		B67E12F62B9F11C800DFADEA /* GFerror.swift */ = {isa = PBXFileReference; fileEncoding = 4; lastKnownFileType = sourcecode.swift; path = GFerror.swift; sourceTree = "<group>"; };
		B67E12F82B9F11DC00DFADEA /* UIViewController+Ext.swift */ = {isa = PBXFileReference; fileEncoding = 4; lastKnownFileType = sourcecode.swift; path = "UIViewController+Ext.swift"; sourceTree = "<group>"; };
		B67E12FA2B9F124100DFADEA /* Cocktail.swift */ = {isa = PBXFileReference; fileEncoding = 4; lastKnownFileType = sourcecode.swift; path = Cocktail.swift; sourceTree = "<group>"; };
/* End PBXFileReference section */

/* Begin PBXFrameworksBuildPhase section */
		B67E12D22B9EF5BF00DFADEA /* Frameworks */ = {
			isa = PBXFrameworksBuildPhase;
			buildActionMask = 2147483647;
			files = (
				B67E12F02B9EF73C00DFADEA /* SnapKit in Frameworks */,
			);
			runOnlyForDeploymentPostprocessing = 0;
		};
/* End PBXFrameworksBuildPhase section */

/* Begin PBXGroup section */
		B67E12CC2B9EF5BF00DFADEA = {
			isa = PBXGroup;
			children = (
				B67E12D72B9EF5BF00DFADEA /* CocktailApp */,
				B67E12D62B9EF5BF00DFADEA /* Products */,
			);
			sourceTree = "<group>";
		};
		B67E12D62B9EF5BF00DFADEA /* Products */ = {
			isa = PBXGroup;
			children = (
				B67E12D52B9EF5BF00DFADEA /* CocktailApp.app */,
			);
			name = Products;
			sourceTree = "<group>";
		};
		B67E12D72B9EF5BF00DFADEA /* CocktailApp */ = {
			isa = PBXGroup;
			children = (
				B67E12FD2B9F18FB00DFADEA /* Extensions */,
				B67E12F22B9F114000DFADEA /* Application */,
				B67E12FC2B9F18D700DFADEA /* Service */,
				B67E12F52B9F117400DFADEA /* Model */,
				B67E12F12B9F112F00DFADEA /* Controllers */,
				B67E12E12B9EF5C500DFADEA /* Assets.xcassets */,
				B67E12E32B9EF5C500DFADEA /* LaunchScreen.storyboard */,
				B67E12E62B9EF5C500DFADEA /* Info.plist */,
			);
			path = CocktailApp;
			sourceTree = "<group>";
		};
		B67E12F12B9F112F00DFADEA /* Controllers */ = {
			isa = PBXGroup;
			children = (
				B67E12DC2B9EF5BF00DFADEA /* CocktailViewController.swift */,
				B67E12EC2B9EF64600DFADEA /* ResultViewController.swift */,
			);
			path = Controllers;
			sourceTree = "<group>";
		};
		B67E12F22B9F114000DFADEA /* Application */ = {
			isa = PBXGroup;
			children = (
				B67E12D82B9EF5BF00DFADEA /* AppDelegate.swift */,
				B67E12DA2B9EF5BF00DFADEA /* SceneDelegate.swift */,
			);
			path = Application;
			sourceTree = "<group>";
		};
		B67E12F52B9F117400DFADEA /* Model */ = {
			isa = PBXGroup;
			children = (
				B67E12FA2B9F124100DFADEA /* Cocktail.swift */,
			);
			path = Model;
			sourceTree = "<group>";
		};
		B67E12FC2B9F18D700DFADEA /* Service */ = {
			isa = PBXGroup;
			children = (
				B67E12F32B9F116900DFADEA /* NetworkManager.swift */,
				B67E12F62B9F11C800DFADEA /* GFerror.swift */,
			);
			path = Service;
			sourceTree = "<group>";
		};
		B67E12FD2B9F18FB00DFADEA /* Extensions */ = {
			isa = PBXGroup;
			children = (
				B67E12F82B9F11DC00DFADEA /* UIViewController+Ext.swift */,
			);
			name = Extensions;
			path = ..;
			sourceTree = "<group>";
		};
/* End PBXGroup section */

/* Begin PBXNativeTarget section */
		B67E12D42B9EF5BF00DFADEA /* CocktailApp */ = {
			isa = PBXNativeTarget;
			buildConfigurationList = B67E12E92B9EF5C500DFADEA /* Build configuration list for PBXNativeTarget "CocktailApp" */;
			buildPhases = (
				B67E12D12B9EF5BF00DFADEA /* Sources */,
				B67E12D22B9EF5BF00DFADEA /* Frameworks */,
				B67E12D32B9EF5BF00DFADEA /* Resources */,
			);
			buildRules = (
			);
			dependencies = (
			);
			name = CocktailApp;
			packageProductDependencies = (
				B67E12EF2B9EF73C00DFADEA /* SnapKit */,
			);
			productName = CocktailApp;
			productReference = B67E12D52B9EF5BF00DFADEA /* CocktailApp.app */;
			productType = "com.apple.product-type.application";
		};
/* End PBXNativeTarget section */

/* Begin PBXProject section */
		B67E12CD2B9EF5BF00DFADEA /* Project object */ = {
			isa = PBXProject;
			attributes = {
				BuildIndependentTargetsInParallel = 1;
				LastSwiftUpdateCheck = 1420;
				LastUpgradeCheck = 1420;
				TargetAttributes = {
					B67E12D42B9EF5BF00DFADEA = {
						CreatedOnToolsVersion = 14.2;
					};
				};
			};
			buildConfigurationList = B67E12D02B9EF5BF00DFADEA /* Build configuration list for PBXProject "CocktailApp" */;
			compatibilityVersion = "Xcode 14.0";
			developmentRegion = en;
			hasScannedForEncodings = 0;
			knownRegions = (
				en,
				Base,
			);
			mainGroup = B67E12CC2B9EF5BF00DFADEA;
			packageReferences = (
				B67E12EE2B9EF73B00DFADEA /* XCRemoteSwiftPackageReference "SnapKit" */,
			);
			productRefGroup = B67E12D62B9EF5BF00DFADEA /* Products */;
			projectDirPath = "";
			projectRoot = "";
			targets = (
				B67E12D42B9EF5BF00DFADEA /* CocktailApp */,
			);
		};
/* End PBXProject section */

/* Begin PBXResourcesBuildPhase section */
		B67E12D32B9EF5BF00DFADEA /* Resources */ = {
			isa = PBXResourcesBuildPhase;
			buildActionMask = 2147483647;
			files = (
				B67E12E52B9EF5C500DFADEA /* LaunchScreen.storyboard in Resources */,
				B67E12E22B9EF5C500DFADEA /* Assets.xcassets in Resources */,
			);
			runOnlyForDeploymentPostprocessing = 0;
		};
/* End PBXResourcesBuildPhase section */

/* Begin PBXSourcesBuildPhase section */
		B67E12D12B9EF5BF00DFADEA /* Sources */ = {
			isa = PBXSourcesBuildPhase;
			buildActionMask = 2147483647;
			files = (
				B67E12DD2B9EF5BF00DFADEA /* CocktailViewController.swift in Sources */,
				B67E12F72B9F11C800DFADEA /* GFerror.swift in Sources */,
				B67E12F92B9F11DC00DFADEA /* UIViewController+Ext.swift in Sources */,
				B67E12D92B9EF5BF00DFADEA /* AppDelegate.swift in Sources */,
				B67E12FB2B9F124100DFADEA /* Cocktail.swift in Sources */,
				B67E12F42B9F116900DFADEA /* NetworkManager.swift in Sources */,
				B67E12DB2B9EF5BF00DFADEA /* SceneDelegate.swift in Sources */,
				B67E12ED2B9EF64600DFADEA /* ResultViewController.swift in Sources */,
			);
			runOnlyForDeploymentPostprocessing = 0;
		};
/* End PBXSourcesBuildPhase section */

/* Begin PBXVariantGroup section */
		B67E12E32B9EF5C500DFADEA /* LaunchScreen.storyboard */ = {
			isa = PBXVariantGroup;
			children = (
				B67E12E42B9EF5C500DFADEA /* Base */,
			);
			name = LaunchScreen.storyboard;
			sourceTree = "<group>";
		};
/* End PBXVariantGroup section */

/* Begin XCBuildConfiguration section */
		B67E12E72B9EF5C500DFADEA /* Debug */ = {
			isa = XCBuildConfiguration;
			buildSettings = {
				ALWAYS_SEARCH_USER_PATHS = NO;
				CLANG_ANALYZER_NONNULL = YES;
				CLANG_ANALYZER_NUMBER_OBJECT_CONVERSION = YES_AGGRESSIVE;
				CLANG_CXX_LANGUAGE_STANDARD = "gnu++20";
				CLANG_ENABLE_MODULES = YES;
				CLANG_ENABLE_OBJC_ARC = YES;
				CLANG_ENABLE_OBJC_WEAK = YES;
				CLANG_WARN_BLOCK_CAPTURE_AUTORELEASING = YES;
				CLANG_WARN_BOOL_CONVERSION = YES;
				CLANG_WARN_COMMA = YES;
				CLANG_WARN_CONSTANT_CONVERSION = YES;
				CLANG_WARN_DEPRECATED_OBJC_IMPLEMENTATIONS = YES;
				CLANG_WARN_DIRECT_OBJC_ISA_USAGE = YES_ERROR;
				CLANG_WARN_DOCUMENTATION_COMMENTS = YES;
				CLANG_WARN_EMPTY_BODY = YES;
				CLANG_WARN_ENUM_CONVERSION = YES;
				CLANG_WARN_INFINITE_RECURSION = YES;
				CLANG_WARN_INT_CONVERSION = YES;
				CLANG_WARN_NON_LITERAL_NULL_CONVERSION = YES;
				CLANG_WARN_OBJC_IMPLICIT_RETAIN_SELF = YES;
				CLANG_WARN_OBJC_LITERAL_CONVERSION = YES;
				CLANG_WARN_OBJC_ROOT_CLASS = YES_ERROR;
				CLANG_WARN_QUOTED_INCLUDE_IN_FRAMEWORK_HEADER = YES;
				CLANG_WARN_RANGE_LOOP_ANALYSIS = YES;
				CLANG_WARN_STRICT_PROTOTYPES = YES;
				CLANG_WARN_SUSPICIOUS_MOVE = YES;
				CLANG_WARN_UNGUARDED_AVAILABILITY = YES_AGGRESSIVE;
				CLANG_WARN_UNREACHABLE_CODE = YES;
				CLANG_WARN__DUPLICATE_METHOD_MATCH = YES;
				COPY_PHASE_STRIP = NO;
				DEBUG_INFORMATION_FORMAT = dwarf;
				ENABLE_STRICT_OBJC_MSGSEND = YES;
				ENABLE_TESTABILITY = YES;
				GCC_C_LANGUAGE_STANDARD = gnu11;
				GCC_DYNAMIC_NO_PIC = NO;
				GCC_NO_COMMON_BLOCKS = YES;
				GCC_OPTIMIZATION_LEVEL = 0;
				GCC_PREPROCESSOR_DEFINITIONS = (
					"DEBUG=1",
					"$(inherited)",
				);
				GCC_WARN_64_TO_32_BIT_CONVERSION = YES;
				GCC_WARN_ABOUT_RETURN_TYPE = YES_ERROR;
				GCC_WARN_UNDECLARED_SELECTOR = YES;
				GCC_WARN_UNINITIALIZED_AUTOS = YES_AGGRESSIVE;
				GCC_WARN_UNUSED_FUNCTION = YES;
				GCC_WARN_UNUSED_VARIABLE = YES;
				IPHONEOS_DEPLOYMENT_TARGET = 16.2;
				MTL_ENABLE_DEBUG_INFO = INCLUDE_SOURCE;
				MTL_FAST_MATH = YES;
				ONLY_ACTIVE_ARCH = YES;
				SDKROOT = iphoneos;
				SWIFT_ACTIVE_COMPILATION_CONDITIONS = DEBUG;
				SWIFT_OPTIMIZATION_LEVEL = "-Onone";
			};
			name = Debug;
		};
		B67E12E82B9EF5C500DFADEA /* Release */ = {
			isa = XCBuildConfiguration;
			buildSettings = {
				ALWAYS_SEARCH_USER_PATHS = NO;
				CLANG_ANALYZER_NONNULL = YES;
				CLANG_ANALYZER_NUMBER_OBJECT_CONVERSION = YES_AGGRESSIVE;
				CLANG_CXX_LANGUAGE_STANDARD = "gnu++20";
				CLANG_ENABLE_MODULES = YES;
				CLANG_ENABLE_OBJC_ARC = YES;
				CLANG_ENABLE_OBJC_WEAK = YES;
				CLANG_WARN_BLOCK_CAPTURE_AUTORELEASING = YES;
				CLANG_WARN_BOOL_CONVERSION = YES;
				CLANG_WARN_COMMA = YES;
				CLANG_WARN_CONSTANT_CONVERSION = YES;
				CLANG_WARN_DEPRECATED_OBJC_IMPLEMENTATIONS = YES;
				CLANG_WARN_DIRECT_OBJC_ISA_USAGE = YES_ERROR;
				CLANG_WARN_DOCUMENTATION_COMMENTS = YES;
				CLANG_WARN_EMPTY_BODY = YES;
				CLANG_WARN_ENUM_CONVERSION = YES;
				CLANG_WARN_INFINITE_RECURSION = YES;
				CLANG_WARN_INT_CONVERSION = YES;
				CLANG_WARN_NON_LITERAL_NULL_CONVERSION = YES;
				CLANG_WARN_OBJC_IMPLICIT_RETAIN_SELF = YES;
				CLANG_WARN_OBJC_LITERAL_CONVERSION = YES;
				CLANG_WARN_OBJC_ROOT_CLASS = YES_ERROR;
				CLANG_WARN_QUOTED_INCLUDE_IN_FRAMEWORK_HEADER = YES;
				CLANG_WARN_RANGE_LOOP_ANALYSIS = YES;
				CLANG_WARN_STRICT_PROTOTYPES = YES;
				CLANG_WARN_SUSPICIOUS_MOVE = YES;
				CLANG_WARN_UNGUARDED_AVAILABILITY = YES_AGGRESSIVE;
				CLANG_WARN_UNREACHABLE_CODE = YES;
				CLANG_WARN__DUPLICATE_METHOD_MATCH = YES;
				COPY_PHASE_STRIP = NO;
				DEBUG_INFORMATION_FORMAT = "dwarf-with-dsym";
				ENABLE_NS_ASSERTIONS = NO;
				ENABLE_STRICT_OBJC_MSGSEND = YES;
				GCC_C_LANGUAGE_STANDARD = gnu11;
				GCC_NO_COMMON_BLOCKS = YES;
				GCC_WARN_64_TO_32_BIT_CONVERSION = YES;
				GCC_WARN_ABOUT_RETURN_TYPE = YES_ERROR;
				GCC_WARN_UNDECLARED_SELECTOR = YES;
				GCC_WARN_UNINITIALIZED_AUTOS = YES_AGGRESSIVE;
				GCC_WARN_UNUSED_FUNCTION = YES;
				GCC_WARN_UNUSED_VARIABLE = YES;
				IPHONEOS_DEPLOYMENT_TARGET = 16.2;
				MTL_ENABLE_DEBUG_INFO = NO;
				MTL_FAST_MATH = YES;
				SDKROOT = iphoneos;
				SWIFT_COMPILATION_MODE = wholemodule;
				SWIFT_OPTIMIZATION_LEVEL = "-O";
				VALIDATE_PRODUCT = YES;
			};
			name = Release;
		};
		B67E12EA2B9EF5C500DFADEA /* Debug */ = {
			isa = XCBuildConfiguration;
			buildSettings = {
				ASSETCATALOG_COMPILER_APPICON_NAME = AppIcon;
				ASSETCATALOG_COMPILER_GLOBAL_ACCENT_COLOR_NAME = AccentColor;
				CODE_SIGN_STYLE = Automatic;
				CURRENT_PROJECT_VERSION = 1;
				GENERATE_INFOPLIST_FILE = YES;
				INFOPLIST_FILE = CocktailApp/Info.plist;
				INFOPLIST_KEY_UIApplicationSupportsIndirectInputEvents = YES;
				INFOPLIST_KEY_UILaunchStoryboardName = LaunchScreen;
				INFOPLIST_KEY_UISupportedInterfaceOrientations_iPad = "UIInterfaceOrientationPortrait UIInterfaceOrientationPortraitUpsideDown UIInterfaceOrientationLandscapeLeft UIInterfaceOrientationLandscapeRight";
				INFOPLIST_KEY_UISupportedInterfaceOrientations_iPhone = "UIInterfaceOrientationPortrait UIInterfaceOrientationLandscapeLeft UIInterfaceOrientationLandscapeRight";
				LD_RUNPATH_SEARCH_PATHS = (
					"$(inherited)",
					"@executable_path/Frameworks",
				);
				MARKETING_VERSION = 1.0;
				PRODUCT_BUNDLE_IDENTIFIER = abc.CocktailApp;
				PRODUCT_NAME = "$(TARGET_NAME)";
				SWIFT_EMIT_LOC_STRINGS = YES;
				SWIFT_VERSION = 5.0;
				TARGETED_DEVICE_FAMILY = "1,2";
			};
			name = Debug;
		};
		B67E12EB2B9EF5C500DFADEA /* Release */ = {
			isa = XCBuildConfiguration;
			buildSettings = {
				ASSETCATALOG_COMPILER_APPICON_NAME = AppIcon;
				ASSETCATALOG_COMPILER_GLOBAL_ACCENT_COLOR_NAME = AccentColor;
				CODE_SIGN_STYLE = Automatic;
				CURRENT_PROJECT_VERSION = 1;
				GENERATE_INFOPLIST_FILE = YES;
				INFOPLIST_FILE = CocktailApp/Info.plist;
				INFOPLIST_KEY_UIApplicationSupportsIndirectInputEvents = YES;
				INFOPLIST_KEY_UILaunchStoryboardName = LaunchScreen;
				INFOPLIST_KEY_UISupportedInterfaceOrientations_iPad = "UIInterfaceOrientationPortrait UIInterfaceOrientationPortraitUpsideDown UIInterfaceOrientationLandscapeLeft UIInterfaceOrientationLandscapeRight";
				INFOPLIST_KEY_UISupportedInterfaceOrientations_iPhone = "UIInterfaceOrientationPortrait UIInterfaceOrientationLandscapeLeft UIInterfaceOrientationLandscapeRight";
				LD_RUNPATH_SEARCH_PATHS = (
					"$(inherited)",
					"@executable_path/Frameworks",
				);
				MARKETING_VERSION = 1.0;
				PRODUCT_BUNDLE_IDENTIFIER = abc.CocktailApp;
				PRODUCT_NAME = "$(TARGET_NAME)";
				SWIFT_EMIT_LOC_STRINGS = YES;
				SWIFT_VERSION = 5.0;
				TARGETED_DEVICE_FAMILY = "1,2";
			};
			name = Release;
		};
/* End XCBuildConfiguration section */

/* Begin XCConfigurationList section */
		B67E12D02B9EF5BF00DFADEA /* Build configuration list for PBXProject "CocktailApp" */ = {
			isa = XCConfigurationList;
			buildConfigurations = (
				B67E12E72B9EF5C500DFADEA /* Debug */,
				B67E12E82B9EF5C500DFADEA /* Release */,
			);
			defaultConfigurationIsVisible = 0;
			defaultConfigurationName = Release;
		};
		B67E12E92B9EF5C500DFADEA /* Build configuration list for PBXNativeTarget "CocktailApp" */ = {
			isa = XCConfigurationList;
			buildConfigurations = (
				B67E12EA2B9EF5C500DFADEA /* Debug */,
				B67E12EB2B9EF5C500DFADEA /* Release */,
			);
			defaultConfigurationIsVisible = 0;
			defaultConfigurationName = Release;
		};
/* End XCConfigurationList section */

/* Begin XCRemoteSwiftPackageReference section */
		B67E12EE2B9EF73B00DFADEA /* XCRemoteSwiftPackageReference "SnapKit" */ = {
			isa = XCRemoteSwiftPackageReference;
			repositoryURL = "https://github.com/SnapKit/SnapKit.git";
			requirement = {
				kind = versionRange;
				maximumVersion = 6.0.0;
				minimumVersion = 5.0.0;
			};
		};
/* End XCRemoteSwiftPackageReference section */

/* Begin XCSwiftPackageProductDependency section */
		B67E12EF2B9EF73C00DFADEA /* SnapKit */ = {
			isa = XCSwiftPackageProductDependency;
			package = B67E12EE2B9EF73B00DFADEA /* XCRemoteSwiftPackageReference "SnapKit" */;
			productName = SnapKit;
		};
/* End XCSwiftPackageProductDependency section */
	};
	rootObject = B67E12CD2B9EF5BF00DFADEA /* Project object */;
}
